
Microsoft Visual Studio Solution File, Format Version 12.00
# Visual Studio Version 16
VisualStudioVersion = 16.0.31025.194
MinimumVisualStudioVersion = 10.0.40219.1
Project("{9A19103F-16F7-4668-BE54-9A1E7A4F7556}") = "Basic.CRUD", "Basic.CRUD.csproj", "{274FA19C-A15D-429C-B75F-2A5834DBB6B8}"
EndProject
Global
	GlobalSection(SolutionConfigurationPlatforms) = preSolution
		Debug|Any CPU = Debug|Any CPU
		Release|Any CPU = Release|Any CPU
	EndGlobalSection
	GlobalSection(ProjectConfigurationPlatforms) = postSolution
		{274FA19C-A15D-429C-B75F-2A5834DBB6B8}.Debug|Any CPU.ActiveCfg = Debug|Any CPU
		{274FA19C-A15D-429C-B75F-2A5834DBB6B8}.Debug|Any CPU.Build.0 = Debug|Any CPU
		{274FA19C-A15D-429C-B75F-2A5834DBB6B8}.Release|Any CPU.ActiveCfg = Release|Any CPU
		{274FA19C-A15D-429C-B75F-2A5834DBB6B8}.Release|Any CPU.Build.0 = Release|Any CPU
	EndGlobalSection
	GlobalSection(SolutionProperties) = preSolution
		HideSolutionNode = FALSE
	EndGlobalSection
	GlobalSection(ExtensibilityGlobals) = postSolution
		SolutionGuid = {94C724D5-07C9-44DD-A166-3EF383CD338C}
	EndGlobalSection
EndGlobal
