
Microsoft Visual Studio Solution File, Format Version 12.00
# Visual Studio Version 16
VisualStudioVersion = 16.0.31025.194
MinimumVisualStudioVersion = 10.0.40219.1
Project("{9A19103F-16F7-4668-BE54-9A1E7A4F7556}") = "API.To.MongoDB", "API.To.MongoDB.csproj", "{2543C3FB-E81C-4B25-B94C-3DD32FAEECEE}"
EndProject
Global
	GlobalSection(SolutionConfigurationPlatforms) = preSolution
		Debug|Any CPU = Debug|Any CPU
		Release|Any CPU = Release|Any CPU
	EndGlobalSection
	GlobalSection(ProjectConfigurationPlatforms) = postSolution
		{2543C3FB-E81C-4B25-B94C-3DD32FAEECEE}.Debug|Any CPU.ActiveCfg = Debug|Any CPU
		{2543C3FB-E81C-4B25-B94C-3DD32FAEECEE}.Debug|Any CPU.Build.0 = Debug|Any CPU
		{2543C3FB-E81C-4B25-B94C-3DD32FAEECEE}.Release|Any CPU.ActiveCfg = Release|Any CPU
		{2543C3FB-E81C-4B25-B94C-3DD32FAEECEE}.Release|Any CPU.Build.0 = Release|Any CPU
	EndGlobalSection
	GlobalSection(SolutionProperties) = preSolution
		HideSolutionNode = FALSE
	EndGlobalSection
	GlobalSection(ExtensibilityGlobals) = postSolution
		SolutionGuid = {6A0A6D0E-3434-49B0-8F61-40CA1169B5BF}
	EndGlobalSection
EndGlobal
