
Microsoft Visual Studio Solution File, Format Version 12.00
# Visual Studio Version 16
VisualStudioVersion = 16.0.31025.194
MinimumVisualStudioVersion = 10.0.40219.1
Project("{9A19103F-16F7-4668-BE54-9A1E7A4F7556}") = "PadraoMVC", "PadraoMVC\PadraoMVC.csproj", "{81FA6920-383C-4A05-844F-90BAA3D066C2}"
EndProject
Project("{FAE04EC0-301F-11D3-BF4B-00C04F79EFBC}") = "PadraoAPI", "PadraoAPI\PadraoAPI.csproj", "{8D976051-78F1-4E02-B5C5-4FF633732AD8}"
EndProject
Project("{FAE04EC0-301F-11D3-BF4B-00C04F79EFBC}") = "PadraoTest", "PadraoTest\PadraoTest.csproj", "{785F91E9-5E5E-42EF-B02E-51C85BAA8D38}"
EndProject
Global
	GlobalSection(SolutionConfigurationPlatforms) = preSolution
		Debug|Any CPU = Debug|Any CPU
		Release|Any CPU = Release|Any CPU
	EndGlobalSection
	GlobalSection(ProjectConfigurationPlatforms) = postSolution
		{81FA6920-383C-4A05-844F-90BAA3D066C2}.Debug|Any CPU.ActiveCfg = Debug|Any CPU
		{81FA6920-383C-4A05-844F-90BAA3D066C2}.Debug|Any CPU.Build.0 = Debug|Any CPU
		{81FA6920-383C-4A05-844F-90BAA3D066C2}.Release|Any CPU.ActiveCfg = Release|Any CPU
		{81FA6920-383C-4A05-844F-90BAA3D066C2}.Release|Any CPU.Build.0 = Release|Any CPU
		{8D976051-78F1-4E02-B5C5-4FF633732AD8}.Debug|Any CPU.ActiveCfg = Debug|Any CPU
		{8D976051-78F1-4E02-B5C5-4FF633732AD8}.Debug|Any CPU.Build.0 = Debug|Any CPU
		{8D976051-78F1-4E02-B5C5-4FF633732AD8}.Release|Any CPU.ActiveCfg = Release|Any CPU
		{8D976051-78F1-4E02-B5C5-4FF633732AD8}.Release|Any CPU.Build.0 = Release|Any CPU
		{785F91E9-5E5E-42EF-B02E-51C85BAA8D38}.Debug|Any CPU.ActiveCfg = Debug|Any CPU
		{785F91E9-5E5E-42EF-B02E-51C85BAA8D38}.Debug|Any CPU.Build.0 = Debug|Any CPU
		{785F91E9-5E5E-42EF-B02E-51C85BAA8D38}.Release|Any CPU.ActiveCfg = Release|Any CPU
		{785F91E9-5E5E-42EF-B02E-51C85BAA8D38}.Release|Any CPU.Build.0 = Release|Any CPU
	EndGlobalSection
	GlobalSection(SolutionProperties) = preSolution
		HideSolutionNode = FALSE
	EndGlobalSection
	GlobalSection(ExtensibilityGlobals) = postSolution
		SolutionGuid = {A38EB0FE-7A40-4BC6-B50D-D39A6323BBAC}
	EndGlobalSection
EndGlobal
