
Microsoft Visual Studio Solution File, Format Version 12.00
# Visual Studio Version 16
VisualStudioVersion = 16.0.31025.194
MinimumVisualStudioVersion = 10.0.40219.1
Project("{FAE04EC0-301F-11D3-BF4B-00C04F79EFBC}") = "Bank.Application", "Bank.Application\Bank.Application.csproj", "{CA5A50EE-5D8C-40F2-BF46-39F1ADA25097}"
EndProject
Global
	GlobalSection(SolutionConfigurationPlatforms) = preSolution
		Debug|Any CPU = Debug|Any CPU
		Release|Any CPU = Release|Any CPU
	EndGlobalSection
	GlobalSection(ProjectConfigurationPlatforms) = postSolution
		{CA5A50EE-5D8C-40F2-BF46-39F1ADA25097}.Debug|Any CPU.ActiveCfg = Debug|Any CPU
		{CA5A50EE-5D8C-40F2-BF46-39F1ADA25097}.Debug|Any CPU.Build.0 = Debug|Any CPU
		{CA5A50EE-5D8C-40F2-BF46-39F1ADA25097}.Release|Any CPU.ActiveCfg = Release|Any CPU
		{CA5A50EE-5D8C-40F2-BF46-39F1ADA25097}.Release|Any CPU.Build.0 = Release|Any CPU
	EndGlobalSection
	GlobalSection(SolutionProperties) = preSolution
		HideSolutionNode = FALSE
	EndGlobalSection
	GlobalSection(ExtensibilityGlobals) = postSolution
		SolutionGuid = {1E903DE1-8BEC-4ABE-90B5-721F3DB9FD5D}
	EndGlobalSection
EndGlobal
